PODS:
  - FLAnimatedImage (1.0.16)
  - NJKScrollFullScreen (0.2.6)
  - NYTPhotoViewer (1.1.0):
    - NYTPhotoViewer/AnimatedGifSupport (= 1.1.0)
    - NYTPhotoViewer/Core (= 1.1.0)
  - NYTPhotoViewer/AnimatedGifSupport (1.1.0):
    - FLAnimatedImage (~> 1.0.8)
    - NYTPhotoViewer/Core
  - NYTPhotoViewer/Core (1.1.0)
  - PAPasscode (1.0)
  - SSKeychain (1.4.1)
  - SVProgressHUD (2.2.5)

DEPENDENCIES:
  - NJKScrollFullScreen
  - NYTPhotoViewer (~> 1.1.0)
  - PAPasscode
  - SSKeychain (~> 1.3)
  - SVProgressHUD

SPEC REPOS:
  trunk:
    - FLAnimatedImage
    - NJKScrollFullScreen
    - NYTPhotoViewer
    - PAPasscode
    - SSKeychain
    - SVProgressHUD

SPEC CHECKSUMS:
  FLAnimatedImage: 8f3e854ebf9680b71f0b6e700939687fc4d82b4b
  NJKScrollFullScreen: 13e370f935da7385b92779644b31df8d83a91447
  NYTPhotoViewer: e80e8767f3780d2df37c6f72cbab15d6c7232911
  PAPasscode: b408fb87c530cad58a554e26482e87dbb14b7bc2
  SSKeychain: 55cc80f66f5c73da827e3077f02e43528897db41
  SVProgressHUD: 1428aafac632c1f86f62aa4243ec12008d7a51d6

PODFILE CHECKSUM: c78219cb82dc6452d14e0818ec28776b38b9fb24

COCOAPODS: 1.11.2
